{
  "lockfile_version": "1",
  "packages": {
    "darwin.apple_sdk.frameworks.Accelerate": {
      "resolved": "github:NixOS/nixpkgs/75a52265bda7fd25e06e3a67dee3f0354e73243c#darwin.apple_sdk.frameworks.Accelerate",
      "source": "nixpkg"
    },
    "darwin.apple_sdk.frameworks.CoreFoundation": {
      "resolved": "github:NixOS/nixpkgs/75a52265bda7fd25e06e3a67dee3f0354e73243c#darwin.apple_sdk.frameworks.CoreFoundation",
      "source": "nixpkg"
    },
    "darwin.apple_sdk.frameworks.MetalKit": {
      "resolved": "github:NixOS/nixpkgs/75a52265bda7fd25e06e3a67dee3f0354e73243c#darwin.apple_sdk.frameworks.MetalKit",
      "source": "nixpkg"
    },
    "python@3.10.14": {
      "last_modified": "2024-04-19T21:36:04Z",
      "plugin_version": "0.0.3",
      "resolved": "github:NixOS/nixpkgs/92d295f588631b0db2da509f381b4fb1e74173c5#python310",
      "source": "devbox-search",
      "version": "3.10.14",
      "systems": {
        "aarch64-darwin": {
          "outputs": [
            {
              "name": "out",
              "path": "/nix/store/l7w62hvrq2700xadjd5k4yj12dfzd7n1-python3-3.10.14",
              "default": true
            }
          ],
          "store_path": "/nix/store/l7w62hvrq2700xadjd5k4yj12dfzd7n1-python3-3.10.14"
        },
        "aarch64-linux": {
          "outputs": [
            {
              "name": "out",
              "path": "/nix/store/v1y56cfk92x9v4qx16fv3xj5nxaw2nqf-python3-3.10.14",
              "default": true
            },
            {
              "name": "debug",
              "path": "/nix/store/r21p36p4a79h9pdlw4l6npcmwa9zzijx-python3-3.10.14-debug"
            }
          ],
          "store_path": "/nix/store/v1y56cfk92x9v4qx16fv3xj5nxaw2nqf-python3-3.10.14"
        },
        "x86_64-darwin": {
          "outputs": [
            {
              "name": "out",
              "path": "/nix/store/l9cm37a1167b6nzricmxp91gzx1gkfgb-python3-3.10.14",
              "default": true
            }
          ],
          "store_path": "/nix/store/l9cm37a1167b6nzricmxp91gzx1gkfgb-python3-3.10.14"
        },
        "x86_64-linux": {
          "outputs": [
            {
              "name": "out",
              "path": "/nix/store/h5wq40vfyw8j3afab592x9hpxc2shl3n-python3-3.10.14",
              "default": true
            },
            {
              "name": "debug",
              "path": "/nix/store/cwpg3smni36pkx9iws0zqkv10hagn4r2-python3-3.10.14-debug"
            }
          ],
          "store_path": "/nix/store/h5wq40vfyw8j3afab592x9hpxc2shl3n-python3-3.10.14"
        }
      }
    }
  }
}
